# This file is automatically @generated by Cargo.
# It is not intended for manual editing.
version = 4

[[package]]
name = "voxgig-struct"
version = "0.1.1"

[[package]]
name = "voxgig-struct-corpus"
version = "0.1.0"
dependencies = [
 "voxgig-struct",
 "voxgig_omni",
]

[[package]]
name = "voxgig_omni"
version = "0.1.0"
source = "git+https://github.com/voxgig/omni?tag=rust%2Fv0.1.0#a710fcda81b0a72a5e98322cac0af56ab8c2d959"
